// !$*UTF8*$!
{
	archiveVersion = 1;
	classes = {
	};
	objectVersion = 50;
	objects = {

/* Begin PBXBuildFile section */
		F336F18D266618EA00678CB0 /* AppDelegate.swift in Sources */ = {isa = PBXBuildFile; fileRef = F336F18C266618EA00678CB0 /* AppDelegate.swift */; };
		F336F18F266618EA00678CB0 /* SceneDelegate.swift in Sources */ = {isa = PBXBuildFile; fileRef = F336F18E266618EA00678CB0 /* SceneDelegate.swift */; };
		F336F191266618EA00678CB0 /* ViewController.swift in Sources */ = {isa = PBXBuildFile; fileRef = F336F190266618EA00678CB0 /* ViewController.swift */; };
		F336F194266618EA00678CB0 /* Main.storyboard in Resources */ = {isa = PBXBuildFile; fileRef = F336F192266618EA00678CB0 /* Main.storyboard */; };
		F336F196266618EB00678CB0 /* Assets.xcassets in Resources */ = {isa = PBXBuildFile; fileRef = F336F195266618EB00678CB0 /* Assets.xcassets */; };
		F336F199266618EB00678CB0 /* LaunchScreen.storyboard in Resources */ = {isa = PBXBuildFile; fileRef = F336F197266618EB00678CB0 /* LaunchScreen.storyboard */; };
		F336F1A126661AC400678CB0 /* AddMemoViewController.swift in Sources */ = {isa = PBXBuildFile; fileRef = F336F1A026661AC400678CB0 /* AddMemoViewController.swift */; };
		F336F1A326661B2100678CB0 /* DetailViewController.swift in Sources */ = {isa = PBXBuildFile; fileRef = F336F1A226661B2100678CB0 /* DetailViewController.swift */; };
/* End PBXBuildFile section */

/* Begin PBXFileReference section */
		F336F189266618EA00678CB0 /* Memo4.app */ = {isa = PBXFileReference; explicitFileType = wrapper.application; includeInIndex = 0; path = Memo4.app; sourceTree = BUILT_PRODUCTS_DIR; };
		F336F18C266618EA00678CB0 /* AppDelegate.swift */ = {isa = PBXFileReference; lastKnownFileType = sourcecode.swift; path = AppDelegate.swift; sourceTree = "<group>"; };
		F336F18E266618EA00678CB0 /* SceneDelegate.swift */ = {isa = PBXFileReference; lastKnownFileType = sourcecode.swift; path = SceneDelegate.swift; sourceTree = "<group>"; };
		F336F190266618EA00678CB0 /* ViewController.swift */ = {isa = PBXFileReference; lastKnownFileType = sourcecode.swift; path = ViewController.swift; sourceTree = "<group>"; };
		F336F193266618EA00678CB0 /* Base */ = {isa = PBXFileReference; lastKnownFileType = file.storyboard; name = Base; path = Base.lproj/Main.storyboard; sourceTree = "<group>"; };
		F336F195266618EB00678CB0 /* Assets.xcassets */ = {isa = PBXFileReference; lastKnownFileType = folder.assetcatalog; path = Assets.xcassets; sourceTree = "<group>"; };
		F336F198266618EB00678CB0 /* Base */ = {isa = PBXFileReference; lastKnownFileType = file.storyboard; name = Base; path = Base.lproj/LaunchScreen.storyboard; sourceTree = "<group>"; };
		F336F19A266618EB00678CB0 /* Info.plist */ = {isa = PBXFileReference; lastKnownFileType = text.plist.xml; path = Info.plist; sourceTree = "<group>"; };
		F336F1A026661AC400678CB0 /* AddMemoViewController.swift */ = {isa = PBXFileReference; lastKnownFileType = sourcecode.swift; path = AddMemoViewController.swift; sourceTree = "<group>"; };
		F336F1A226661B2100678CB0 /* DetailViewController.swift */ = {isa = PBXFileReference; lastKnownFileType = sourcecode.swift; path = DetailViewController.swift; sourceTree = "<group>"; };
/* End PBXFileReference section */

/* Begin PBXFrameworksBuildPhase section */
		F336F186266618EA00678CB0 /* Frameworks */ = {
			isa = PBXFrameworksBuildPhase;
			buildActionMask = 2147483647;
			files = (
			);
			runOnlyForDeploymentPostprocessing = 0;
		};
/* End PBXFrameworksBuildPhase section */

/* Begin PBXGroup section */
		F336F180266618EA00678CB0 = {
			isa = PBXGroup;
			children = (
				F336F18B266618EA00678CB0 /* Memo4 */,
				F336F18A266618EA00678CB0 /* Products */,
			);
			sourceTree = "<group>";
		};
		F336F18A266618EA00678CB0 /* Products */ = {
			isa = PBXGroup;
			children = (
				F336F189266618EA00678CB0 /* Memo4.app */,
			);
			name = Products;
			sourceTree = "<group>";
		};
		F336F18B266618EA00678CB0 /* Memo4 */ = {
			isa = PBXGroup;
			children = (
				F336F18C266618EA00678CB0 /* AppDelegate.swift */,
				F336F18E266618EA00678CB0 /* SceneDelegate.swift */,
				F336F190266618EA00678CB0 /* ViewController.swift */,
				F336F192266618EA00678CB0 /* Main.storyboard */,
				F336F1A226661B2100678CB0 /* DetailViewController.swift */,
				F336F1A026661AC400678CB0 /* AddMemoViewController.swift */,
				F336F195266618EB00678CB0 /* Assets.xcassets */,
				F336F197266618EB00678CB0 /* LaunchScreen.storyboard */,
				F336F19A266618EB00678CB0 /* Info.plist */,
			);
			path = Memo4;
			sourceTree = "<group>";
		};
/* End PBXGroup section */

/* Begin PBXNativeTarget section */
		F336F188266618EA00678CB0 /* Memo4 */ = {
			isa = PBXNativeTarget;
			buildConfigurationList = F336F19D266618EB00678CB0 /* Build configuration list for PBXNativeTarget "Memo4" */;
			buildPhases = (
				F336F185266618EA00678CB0 /* Sources */,
				F336F186266618EA00678CB0 /* Frameworks */,
				F336F187266618EA00678CB0 /* Resources */,
			);
			buildRules = (
			);
			dependencies = (
			);
			name = Memo4;
			productName = Memo4;
			productReference = F336F189266618EA00678CB0 /* Memo4.app */;
			productType = "com.apple.product-type.application";
		};
/* End PBXNativeTarget section */

/* Begin PBXProject section */
		F336F181266618EA00678CB0 /* Project object */ = {
			isa = PBXProject;
			attributes = {
				LastSwiftUpdateCheck = 1250;
				LastUpgradeCheck = 1250;
				TargetAttributes = {
					F336F188266618EA00678CB0 = {
						CreatedOnToolsVersion = 12.5;
					};
				};
			};
			buildConfigurationList = F336F184266618EA00678CB0 /* Build configuration list for PBXProject "Memo4" */;
			compatibilityVersion = "Xcode 9.3";
			developmentRegion = en;
			hasScannedForEncodings = 0;
			knownRegions = (
				en,
				Base,
			);
			mainGroup = F336F180266618EA00678CB0;
			productRefGroup = F336F18A266618EA00678CB0 /* Products */;
			projectDirPath = "";
			projectRoot = "";
			targets = (
				F336F188266618EA00678CB0 /* Memo4 */,
			);
		};
/* End PBXProject section */

/* Begin PBXResourcesBuildPhase section */
		F336F187266618EA00678CB0 /* Resources */ = {
			isa = PBXResourcesBuildPhase;
			buildActionMask = 2147483647;
			files = (
				F336F199266618EB00678CB0 /* LaunchScreen.storyboard in Resources */,
				F336F196266618EB00678CB0 /* Assets.xcassets in Resources */,
				F336F194266618EA00678CB0 /* Main.storyboard in Resources */,
			);
			runOnlyForDeploymentPostprocessing = 0;
		};
/* End PBXResourcesBuildPhase section */

/* Begin PBXSourcesBuildPhase section */
		F336F185266618EA00678CB0 /* Sources */ = {
			isa = PBXSourcesBuildPhase;
			buildActionMask = 2147483647;
			files = (
				F336F1A126661AC400678CB0 /* AddMemoViewController.swift in Sources */,
				F336F191266618EA00678CB0 /* ViewController.swift in Sources */,
				F336F1A326661B2100678CB0 /* DetailViewController.swift in Sources */,
				F336F18D266618EA00678CB0 /* AppDelegate.swift in Sources */,
				F336F18F266618EA00678CB0 /* SceneDelegate.swift in Sources */,
			);
			runOnlyForDeploymentPostprocessing = 0;
		};
/* End PBXSourcesBuildPhase section */

/* Begin PBXVariantGroup section */
		F336F192266618EA00678CB0 /* Main.storyboard */ = {
			isa = PBXVariantGroup;
			children = (
				F336F193266618EA00678CB0 /* Base */,
			);
			name = Main.storyboard;
			sourceTree = "<group>";
		};
		F336F197266618EB00678CB0 /* LaunchScreen.storyboard */ = {
			isa = PBXVariantGroup;
			children = (
				F336F198266618EB00678CB0 /* Base */,
			);
			name = LaunchScreen.storyboard;
			sourceTree = "<group>";
		};
/* End PBXVariantGroup section */

/* Begin XCBuildConfiguration section */
		F336F19B266618EB00678CB0 /* Debug */ = {
			isa = XCBuildConfiguration;
			buildSettings = {
				ALWAYS_SEARCH_USER_PATHS = NO;
				CLANG_ANALYZER_NONNULL = YES;
				CLANG_ANALYZER_NUMBER_OBJECT_CONVERSION = YES_AGGRESSIVE;
				CLANG_CXX_LANGUAGE_STANDARD = "gnu++14";
				CLANG_CXX_LIBRARY = "libc++";
				CLANG_ENABLE_MODULES = YES;
				CLANG_ENABLE_OBJC_ARC = YES;
				CLANG_ENABLE_OBJC_WEAK = YES;
				CLANG_WARN_BLOCK_CAPTURE_AUTORELEASING = YES;
				CLANG_WARN_BOOL_CONVERSION = YES;
				CLANG_WARN_COMMA = YES;
				CLANG_WARN_CONSTANT_CONVERSION = YES;
				CLANG_WARN_DEPRECATED_OBJC_IMPLEMENTATIONS = YES;
				CLANG_WARN_DIRECT_OBJC_ISA_USAGE = YES_ERROR;
				CLANG_WARN_DOCUMENTATION_COMMENTS = YES;
				CLANG_WARN_EMPTY_BODY = YES;
				CLANG_WARN_ENUM_CONVERSION = YES;
				CLANG_WARN_INFINITE_RECURSION = YES;
				CLANG_WARN_INT_CONVERSION = YES;
				CLANG_WARN_NON_LITERAL_NULL_CONVERSION = YES;
				CLANG_WARN_OBJC_IMPLICIT_RETAIN_SELF = YES;
				CLANG_WARN_OBJC_LITERAL_CONVERSION = YES;
				CLANG_WARN_OBJC_ROOT_CLASS = YES_ERROR;
				CLANG_WARN_QUOTED_INCLUDE_IN_FRAMEWORK_HEADER = YES;
				CLANG_WARN_RANGE_LOOP_ANALYSIS = YES;
				CLANG_WARN_STRICT_PROTOTYPES = YES;
				CLANG_WARN_SUSPICIOUS_MOVE = YES;
				CLANG_WARN_UNGUARDED_AVAILABILITY = YES_AGGRESSIVE;
				CLANG_WARN_UNREACHABLE_CODE = YES;
				CLANG_WARN__DUPLICATE_METHOD_MATCH = YES;
				COPY_PHASE_STRIP = NO;
				DEBUG_INFORMATION_FORMAT = dwarf;
				ENABLE_STRICT_OBJC_MSGSEND = YES;
				ENABLE_TESTABILITY = YES;
				GCC_C_LANGUAGE_STANDARD = gnu11;
				GCC_DYNAMIC_NO_PIC = NO;
				GCC_NO_COMMON_BLOCKS = YES;
				GCC_OPTIMIZATION_LEVEL = 0;
				GCC_PREPROCESSOR_DEFINITIONS = (
					"DEBUG=1",
					"$(inherited)",
				);
				GCC_WARN_64_TO_32_BIT_CONVERSION = YES;
				GCC_WARN_ABOUT_RETURN_TYPE = YES_ERROR;
				GCC_WARN_UNDECLARED_SELECTOR = YES;
				GCC_WARN_UNINITIALIZED_AUTOS = YES_AGGRESSIVE;
				GCC_WARN_UNUSED_FUNCTION = YES;
				GCC_WARN_UNUSED_VARIABLE = YES;
				IPHONEOS_DEPLOYMENT_TARGET = 14.5;
				MTL_ENABLE_DEBUG_INFO = INCLUDE_SOURCE;
				MTL_FAST_MATH = YES;
				ONLY_ACTIVE_ARCH = YES;
				SDKROOT = iphoneos;
				SWIFT_ACTIVE_COMPILATION_CONDITIONS = DEBUG;
				SWIFT_OPTIMIZATION_LEVEL = "-Onone";
			};
			name = Debug;
		};
		F336F19C266618EB00678CB0 /* Release */ = {
			isa = XCBuildConfiguration;
			buildSettings = {
				ALWAYS_SEARCH_USER_PATHS = NO;
				CLANG_ANALYZER_NONNULL = YES;
				CLANG_ANALYZER_NUMBER_OBJECT_CONVERSION = YES_AGGRESSIVE;
				CLANG_CXX_LANGUAGE_STANDARD = "gnu++14";
				CLANG_CXX_LIBRARY = "libc++";
				CLANG_ENABLE_MODULES = YES;
				CLANG_ENABLE_OBJC_ARC = YES;
				CLANG_ENABLE_OBJC_WEAK = YES;
				CLANG_WARN_BLOCK_CAPTURE_AUTORELEASING = YES;
				CLANG_WARN_BOOL_CONVERSION = YES;
				CLANG_WARN_COMMA = YES;
				CLANG_WARN_CONSTANT_CONVERSION = YES;
				CLANG_WARN_DEPRECATED_OBJC_IMPLEMENTATIONS = YES;
				CLANG_WARN_DIRECT_OBJC_ISA_USAGE = YES_ERROR;
				CLANG_WARN_DOCUMENTATION_COMMENTS = YES;
				CLANG_WARN_EMPTY_BODY = YES;
				CLANG_WARN_ENUM_CONVERSION = YES;
				CLANG_WARN_INFINITE_RECURSION = YES;
				CLANG_WARN_INT_CONVERSION = YES;
				CLANG_WARN_NON_LITERAL_NULL_CONVERSION = YES;
				CLANG_WARN_OBJC_IMPLICIT_RETAIN_SELF = YES;
				CLANG_WARN_OBJC_LITERAL_CONVERSION = YES;
				CLANG_WARN_OBJC_ROOT_CLASS = YES_ERROR;
				CLANG_WARN_QUOTED_INCLUDE_IN_FRAMEWORK_HEADER = YES;
				CLANG_WARN_RANGE_LOOP_ANALYSIS = YES;
				CLANG_WARN_STRICT_PROTOTYPES = YES;
				CLANG_WARN_SUSPICIOUS_MOVE = YES;
				CLANG_WARN_UNGUARDED_AVAILABILITY = YES_AGGRESSIVE;
				CLANG_WARN_UNREACHABLE_CODE = YES;
				CLANG_WARN__DUPLICATE_METHOD_MATCH = YES;
				COPY_PHASE_STRIP = NO;
				DEBUG_INFORMATION_FORMAT = "dwarf-with-dsym";
				ENABLE_NS_ASSERTIONS = NO;
				ENABLE_STRICT_OBJC_MSGSEND = YES;
				GCC_C_LANGUAGE_STANDARD = gnu11;
				GCC_NO_COMMON_BLOCKS = YES;
				GCC_WARN_64_TO_32_BIT_CONVERSION = YES;
				GCC_WARN_ABOUT_RETURN_TYPE = YES_ERROR;
				GCC_WARN_UNDECLARED_SELECTOR = YES;
				GCC_WARN_UNINITIALIZED_AUTOS = YES_AGGRESSIVE;
				GCC_WARN_UNUSED_FUNCTION = YES;
				GCC_WARN_UNUSED_VARIABLE = YES;
				IPHONEOS_DEPLOYMENT_TARGET = 14.5;
				MTL_ENABLE_DEBUG_INFO = NO;
				MTL_FAST_MATH = YES;
				SDKROOT = iphoneos;
				SWIFT_COMPILATION_MODE = wholemodule;
				SWIFT_OPTIMIZATION_LEVEL = "-O";
				VALIDATE_PRODUCT = YES;
			};
			name = Release;
		};
		F336F19E266618EB00678CB0 /* Debug */ = {
			isa = XCBuildConfiguration;
			buildSettings = {
				ASSETCATALOG_COMPILER_APPICON_NAME = AppIcon;
				ASSETCATALOG_COMPILER_GLOBAL_ACCENT_COLOR_NAME = AccentColor;
				CODE_SIGN_STYLE = Automatic;
				DEVELOPMENT_TEAM = 653RW759LB;
				INFOPLIST_FILE = Memo4/Info.plist;
				LD_RUNPATH_SEARCH_PATHS = (
					"$(inherited)",
					"@executable_path/Frameworks",
				);
				PRODUCT_BUNDLE_IDENTIFIER = takuya.N4444.Memo4;
				PRODUCT_NAME = "$(TARGET_NAME)";
				SWIFT_VERSION = 5.0;
				TARGETED_DEVICE_FAMILY = "1,2";
			};
			name = Debug;
		};
		F336F19F266618EB00678CB0 /* Release */ = {
			isa = XCBuildConfiguration;
			buildSettings = {
				ASSETCATALOG_COMPILER_APPICON_NAME = AppIcon;
				ASSETCATALOG_COMPILER_GLOBAL_ACCENT_COLOR_NAME = AccentColor;
				CODE_SIGN_STYLE = Automatic;
				DEVELOPMENT_TEAM = 653RW759LB;
				INFOPLIST_FILE = Memo4/Info.plist;
				LD_RUNPATH_SEARCH_PATHS = (
					"$(inherited)",
					"@executable_path/Frameworks",
				);
				PRODUCT_BUNDLE_IDENTIFIER = takuya.N4444.Memo4;
				PRODUCT_NAME = "$(TARGET_NAME)";
				SWIFT_VERSION = 5.0;
				TARGETED_DEVICE_FAMILY = "1,2";
			};
			name = Release;
		};
/* End XCBuildConfiguration section */

/* Begin XCConfigurationList section */
		F336F184266618EA00678CB0 /* Build configuration list for PBXProject "Memo4" */ = {
			isa = XCConfigurationList;
			buildConfigurations = (
				F336F19B266618EB00678CB0 /* Debug */,
				F336F19C266618EB00678CB0 /* Release */,
			);
			defaultConfigurationIsVisible = 0;
			defaultConfigurationName = Release;
		};
		F336F19D266618EB00678CB0 /* Build configuration list for PBXNativeTarget "Memo4" */ = {
			isa = XCConfigurationList;
			buildConfigurations = (
				F336F19E266618EB00678CB0 /* Debug */,
				F336F19F266618EB00678CB0 /* Release */,
			);
			defaultConfigurationIsVisible = 0;
			defaultConfigurationName = Release;
		};
/* End XCConfigurationList section */
	};
	rootObject = F336F181266618EA00678CB0 /* Project object */;
}
